
Microsoft Visual Studio Solution File, Format Version 12.00
# Visual Studio Version 17
VisualStudioVersion = 17.1.32319.34
MinimumVisualStudioVersion = 10.0.40219.1
Project("{FAE04EC0-301F-11D3-BF4B-00C04F79EFBC}") = "ProyectoFinalTADP", "ProyectoFinalTADP\ProyectoFinalTADP.csproj", "{75672FFA-EE13-4206-80E6-0DEFB2388808}"
EndProject
Global
	GlobalSection(SolutionConfigurationPlatforms) = preSolution
		Debug|Any CPU = Debug|Any CPU
		Release|Any CPU = Release|Any CPU
	EndGlobalSection
	GlobalSection(ProjectConfigurationPlatforms) = postSolution
		{75672FFA-EE13-4206-80E6-0DEFB2388808}.Debug|Any CPU.ActiveCfg = Debug|Any CPU
		{75672FFA-EE13-4206-80E6-0DEFB2388808}.Debug|Any CPU.Build.0 = Debug|Any CPU
		{75672FFA-EE13-4206-80E6-0DEFB2388808}.Release|Any CPU.ActiveCfg = Release|Any CPU
		{75672FFA-EE13-4206-80E6-0DEFB2388808}.Release|Any CPU.Build.0 = Release|Any CPU
	EndGlobalSection
	GlobalSection(SolutionProperties) = preSolution
		HideSolutionNode = FALSE
	EndGlobalSection
	GlobalSection(ExtensibilityGlobals) = postSolution
		SolutionGuid = {7AA60FF9-823F-43EA-B804-C9AAEDFB2CD8}
	EndGlobalSection
EndGlobal
